
Microsoft Visual Studio Solution File, Format Version 12.00
# Visual Studio Version 17
VisualStudioVersion = 17.5.33516.290
MinimumVisualStudioVersion = 10.0.40219.1
Project("{FAE04EC0-301F-11D3-BF4B-00C04F79EFBC}") = "PlatformService", "PlatformService\PlatformService.csproj", "{EDA3A186-E67A-4D50-883A-C4A6354FDE27}"
EndProject
Global
	GlobalSection(SolutionConfigurationPlatforms) = preSolution
		Debug|Any CPU = Debug|Any CPU
		Release|Any CPU = Release|Any CPU
	EndGlobalSection
	GlobalSection(ProjectConfigurationPlatforms) = postSolution
		{EDA3A186-E67A-4D50-883A-C4A6354FDE27}.Debug|Any CPU.ActiveCfg = Debug|Any CPU
		{EDA3A186-E67A-4D50-883A-C4A6354FDE27}.Debug|Any CPU.Build.0 = Debug|Any CPU
		{EDA3A186-E67A-4D50-883A-C4A6354FDE27}.Release|Any CPU.ActiveCfg = Release|Any CPU
		{EDA3A186-E67A-4D50-883A-C4A6354FDE27}.Release|Any CPU.Build.0 = Release|Any CPU
	EndGlobalSection
	GlobalSection(SolutionProperties) = preSolution
		HideSolutionNode = FALSE
	EndGlobalSection
	GlobalSection(ExtensibilityGlobals) = postSolution
		SolutionGuid = {2CC6E7AC-9B5C-4494-B159-56C875B3B3D8}
	EndGlobalSection
EndGlobal
